
Microsoft Visual Studio Solution File, Format Version 12.00
# Visual Studio Version 16
VisualStudioVersion = 16.0.30309.148
MinimumVisualStudioVersion = 10.0.40219.1
Project("{888888A0-9F3D-457C-B088-3A5042F75D52}") = "stardust", "stardust.pyproj", "{3081A3D1-CC74-40B5-88F7-D7AEF52C55C4}"
EndProject
Global
	GlobalSection(SolutionConfigurationPlatforms) = preSolution
		Debug|Any CPU = Debug|Any CPU
		Release|Any CPU = Release|Any CPU
	EndGlobalSection
	GlobalSection(ProjectConfigurationPlatforms) = postSolution
		{3081A3D1-CC74-40B5-88F7-D7AEF52C55C4}.Debug|Any CPU.ActiveCfg = Debug|Any CPU
		{3081A3D1-CC74-40B5-88F7-D7AEF52C55C4}.Release|Any CPU.ActiveCfg = Release|Any CPU
	EndGlobalSection
	GlobalSection(SolutionProperties) = preSolution
		HideSolutionNode = FALSE
	EndGlobalSection
	GlobalSection(ExtensibilityGlobals) = postSolution
		SolutionGuid = {30D04E4A-60D7-4CD5-8EC6-52DF187C174E}
	EndGlobalSection
EndGlobal
